// !$*UTF8*$!
{
	archiveVersion = 1;
	classes = {
	};
	objectVersion = 50;
	objects = {

/* Begin PBXBuildFile section */
		F648D8EE26CF3F9400DE295D /* AppDelegate.swift in Sources */ = {isa = PBXBuildFile; fileRef = F648D8ED26CF3F9400DE295D /* AppDelegate.swift */; };
		F648D8F026CF3F9400DE295D /* SceneDelegate.swift in Sources */ = {isa = PBXBuildFile; fileRef = F648D8EF26CF3F9400DE295D /* SceneDelegate.swift */; };
		F648D8F226CF3F9400DE295D /* ViewController.swift in Sources */ = {isa = PBXBuildFile; fileRef = F648D8F126CF3F9400DE295D /* ViewController.swift */; };
		F648D8F526CF3F9400DE295D /* Main.storyboard in Resources */ = {isa = PBXBuildFile; fileRef = F648D8F326CF3F9400DE295D /* Main.storyboard */; };
		F648D8F726CF3F9700DE295D /* Assets.xcassets in Resources */ = {isa = PBXBuildFile; fileRef = F648D8F626CF3F9700DE295D /* Assets.xcassets */; };
		F648D8FA26CF3F9700DE295D /* LaunchScreen.storyboard in Resources */ = {isa = PBXBuildFile; fileRef = F648D8F826CF3F9700DE295D /* LaunchScreen.storyboard */; };
		F648D90226D1AC9C00DE295D /* QuizViewController.swift in Sources */ = {isa = PBXBuildFile; fileRef = F648D90126D1AC9C00DE295D /* QuizViewController.swift */; };
		F648D90426D1ACB200DE295D /* ResultViewController.swift in Sources */ = {isa = PBXBuildFile; fileRef = F648D90326D1ACB200DE295D /* ResultViewController.swift */; };
		F648D90826D3B7E100DE295D /* Quiz.swift in Sources */ = {isa = PBXBuildFile; fileRef = F648D90726D3B7E100DE295D /* Quiz.swift */; };
		F648D90A26D3B80700DE295D /* QuizManager.swift in Sources */ = {isa = PBXBuildFile; fileRef = F648D90926D3B80700DE295D /* QuizManager.swift */; };
/* End PBXBuildFile section */

/* Begin PBXFileReference section */
		F648D8EA26CF3F9400DE295D /* SwiftQuiz.app */ = {isa = PBXFileReference; explicitFileType = wrapper.application; includeInIndex = 0; path = SwiftQuiz.app; sourceTree = BUILT_PRODUCTS_DIR; };
		F648D8ED26CF3F9400DE295D /* AppDelegate.swift */ = {isa = PBXFileReference; lastKnownFileType = sourcecode.swift; path = AppDelegate.swift; sourceTree = "<group>"; };
		F648D8EF26CF3F9400DE295D /* SceneDelegate.swift */ = {isa = PBXFileReference; lastKnownFileType = sourcecode.swift; path = SceneDelegate.swift; sourceTree = "<group>"; };
		F648D8F126CF3F9400DE295D /* ViewController.swift */ = {isa = PBXFileReference; lastKnownFileType = sourcecode.swift; path = ViewController.swift; sourceTree = "<group>"; };
		F648D8F426CF3F9400DE295D /* Base */ = {isa = PBXFileReference; lastKnownFileType = file.storyboard; name = Base; path = Base.lproj/Main.storyboard; sourceTree = "<group>"; };
		F648D8F626CF3F9700DE295D /* Assets.xcassets */ = {isa = PBXFileReference; lastKnownFileType = folder.assetcatalog; path = Assets.xcassets; sourceTree = "<group>"; };
		F648D8F926CF3F9700DE295D /* Base */ = {isa = PBXFileReference; lastKnownFileType = file.storyboard; name = Base; path = Base.lproj/LaunchScreen.storyboard; sourceTree = "<group>"; };
		F648D8FB26CF3F9700DE295D /* Info.plist */ = {isa = PBXFileReference; lastKnownFileType = text.plist.xml; path = Info.plist; sourceTree = "<group>"; };
		F648D90126D1AC9C00DE295D /* QuizViewController.swift */ = {isa = PBXFileReference; lastKnownFileType = sourcecode.swift; path = QuizViewController.swift; sourceTree = "<group>"; };
		F648D90326D1ACB200DE295D /* ResultViewController.swift */ = {isa = PBXFileReference; lastKnownFileType = sourcecode.swift; path = ResultViewController.swift; sourceTree = "<group>"; };
		F648D90726D3B7E100DE295D /* Quiz.swift */ = {isa = PBXFileReference; lastKnownFileType = sourcecode.swift; path = Quiz.swift; sourceTree = "<group>"; };
		F648D90926D3B80700DE295D /* QuizManager.swift */ = {isa = PBXFileReference; lastKnownFileType = sourcecode.swift; path = QuizManager.swift; sourceTree = "<group>"; };
/* End PBXFileReference section */

/* Begin PBXFrameworksBuildPhase section */
		F648D8E726CF3F9400DE295D /* Frameworks */ = {
			isa = PBXFrameworksBuildPhase;
			buildActionMask = 2147483647;
			files = (
			);
			runOnlyForDeploymentPostprocessing = 0;
		};
/* End PBXFrameworksBuildPhase section */

/* Begin PBXGroup section */
		F648D8E126CF3F9400DE295D = {
			isa = PBXGroup;
			children = (
				F648D8EC26CF3F9400DE295D /* SwiftQuiz */,
				F648D8EB26CF3F9400DE295D /* Products */,
			);
			sourceTree = "<group>";
		};
		F648D8EB26CF3F9400DE295D /* Products */ = {
			isa = PBXGroup;
			children = (
				F648D8EA26CF3F9400DE295D /* SwiftQuiz.app */,
			);
			name = Products;
			sourceTree = "<group>";
		};
		F648D8EC26CF3F9400DE295D /* SwiftQuiz */ = {
			isa = PBXGroup;
			children = (
				F648D8ED26CF3F9400DE295D /* AppDelegate.swift */,
				F648D8EF26CF3F9400DE295D /* SceneDelegate.swift */,
				F648D8F126CF3F9400DE295D /* ViewController.swift */,
				F648D8F326CF3F9400DE295D /* Main.storyboard */,
				F648D90726D3B7E100DE295D /* Quiz.swift */,
				F648D90926D3B80700DE295D /* QuizManager.swift */,
				F648D90126D1AC9C00DE295D /* QuizViewController.swift */,
				F648D90326D1ACB200DE295D /* ResultViewController.swift */,
				F648D8F626CF3F9700DE295D /* Assets.xcassets */,
				F648D8F826CF3F9700DE295D /* LaunchScreen.storyboard */,
				F648D8FB26CF3F9700DE295D /* Info.plist */,
			);
			path = SwiftQuiz;
			sourceTree = "<group>";
		};
/* End PBXGroup section */

/* Begin PBXNativeTarget section */
		F648D8E926CF3F9400DE295D /* SwiftQuiz */ = {
			isa = PBXNativeTarget;
			buildConfigurationList = F648D8FE26CF3F9700DE295D /* Build configuration list for PBXNativeTarget "SwiftQuiz" */;
			buildPhases = (
				F648D8E626CF3F9400DE295D /* Sources */,
				F648D8E726CF3F9400DE295D /* Frameworks */,
				F648D8E826CF3F9400DE295D /* Resources */,
			);
			buildRules = (
			);
			dependencies = (
			);
			name = SwiftQuiz;
			productName = SwiftQuiz;
			productReference = F648D8EA26CF3F9400DE295D /* SwiftQuiz.app */;
			productType = "com.apple.product-type.application";
		};
/* End PBXNativeTarget section */

/* Begin PBXProject section */
		F648D8E226CF3F9400DE295D /* Project object */ = {
			isa = PBXProject;
			attributes = {
				LastSwiftUpdateCheck = 1250;
				LastUpgradeCheck = 1250;
				TargetAttributes = {
					F648D8E926CF3F9400DE295D = {
						CreatedOnToolsVersion = 12.5.1;
					};
				};
			};
			buildConfigurationList = F648D8E526CF3F9400DE295D /* Build configuration list for PBXProject "SwiftQuiz" */;
			compatibilityVersion = "Xcode 9.3";
			developmentRegion = en;
			hasScannedForEncodings = 0;
			knownRegions = (
				en,
				Base,
			);
			mainGroup = F648D8E126CF3F9400DE295D;
			productRefGroup = F648D8EB26CF3F9400DE295D /* Products */;
			projectDirPath = "";
			projectRoot = "";
			targets = (
				F648D8E926CF3F9400DE295D /* SwiftQuiz */,
			);
		};
/* End PBXProject section */

/* Begin PBXResourcesBuildPhase section */
		F648D8E826CF3F9400DE295D /* Resources */ = {
			isa = PBXResourcesBuildPhase;
			buildActionMask = 2147483647;
			files = (
				F648D8FA26CF3F9700DE295D /* LaunchScreen.storyboard in Resources */,
				F648D8F726CF3F9700DE295D /* Assets.xcassets in Resources */,
				F648D8F526CF3F9400DE295D /* Main.storyboard in Resources */,
			);
			runOnlyForDeploymentPostprocessing = 0;
		};
/* End PBXResourcesBuildPhase section */

/* Begin PBXSourcesBuildPhase section */
		F648D8E626CF3F9400DE295D /* Sources */ = {
			isa = PBXSourcesBuildPhase;
			buildActionMask = 2147483647;
			files = (
				F648D90426D1ACB200DE295D /* ResultViewController.swift in Sources */,
				F648D8F226CF3F9400DE295D /* ViewController.swift in Sources */,
				F648D90826D3B7E100DE295D /* Quiz.swift in Sources */,
				F648D90A26D3B80700DE295D /* QuizManager.swift in Sources */,
				F648D8EE26CF3F9400DE295D /* AppDelegate.swift in Sources */,
				F648D8F026CF3F9400DE295D /* SceneDelegate.swift in Sources */,
				F648D90226D1AC9C00DE295D /* QuizViewController.swift in Sources */,
			);
			runOnlyForDeploymentPostprocessing = 0;
		};
/* End PBXSourcesBuildPhase section */

/* Begin PBXVariantGroup section */
		F648D8F326CF3F9400DE295D /* Main.storyboard */ = {
			isa = PBXVariantGroup;
			children = (
				F648D8F426CF3F9400DE295D /* Base */,
			);
			name = Main.storyboard;
			sourceTree = "<group>";
		};
		F648D8F826CF3F9700DE295D /* LaunchScreen.storyboard */ = {
			isa = PBXVariantGroup;
			children = (
				F648D8F926CF3F9700DE295D /* Base */,
			);
			name = LaunchScreen.storyboard;
			sourceTree = "<group>";
		};
/* End PBXVariantGroup section */

/* Begin XCBuildConfiguration section */
		F648D8FC26CF3F9700DE295D /* Debug */ = {
			isa = XCBuildConfiguration;
			buildSettings = {
				ALWAYS_SEARCH_USER_PATHS = NO;
				CLANG_ANALYZER_NONNULL = YES;
				CLANG_ANALYZER_NUMBER_OBJECT_CONVERSION = YES_AGGRESSIVE;
				CLANG_CXX_LANGUAGE_STANDARD = "gnu++14";
				CLANG_CXX_LIBRARY = "libc++";
				CLANG_ENABLE_MODULES = YES;
				CLANG_ENABLE_OBJC_ARC = YES;
				CLANG_ENABLE_OBJC_WEAK = YES;
				CLANG_WARN_BLOCK_CAPTURE_AUTORELEASING = YES;
				CLANG_WARN_BOOL_CONVERSION = YES;
				CLANG_WARN_COMMA = YES;
				CLANG_WARN_CONSTANT_CONVERSION = YES;
				CLANG_WARN_DEPRECATED_OBJC_IMPLEMENTATIONS = YES;
				CLANG_WARN_DIRECT_OBJC_ISA_USAGE = YES_ERROR;
				CLANG_WARN_DOCUMENTATION_COMMENTS = YES;
				CLANG_WARN_EMPTY_BODY = YES;
				CLANG_WARN_ENUM_CONVERSION = YES;
				CLANG_WARN_INFINITE_RECURSION = YES;
				CLANG_WARN_INT_CONVERSION = YES;
				CLANG_WARN_NON_LITERAL_NULL_CONVERSION = YES;
				CLANG_WARN_OBJC_IMPLICIT_RETAIN_SELF = YES;
				CLANG_WARN_OBJC_LITERAL_CONVERSION = YES;
				CLANG_WARN_OBJC_ROOT_CLASS = YES_ERROR;
				CLANG_WARN_QUOTED_INCLUDE_IN_FRAMEWORK_HEADER = YES;
				CLANG_WARN_RANGE_LOOP_ANALYSIS = YES;
				CLANG_WARN_STRICT_PROTOTYPES = YES;
				CLANG_WARN_SUSPICIOUS_MOVE = YES;
				CLANG_WARN_UNGUARDED_AVAILABILITY = YES_AGGRESSIVE;
				CLANG_WARN_UNREACHABLE_CODE = YES;
				CLANG_WARN__DUPLICATE_METHOD_MATCH = YES;
				COPY_PHASE_STRIP = NO;
				DEBUG_INFORMATION_FORMAT = dwarf;
				ENABLE_STRICT_OBJC_MSGSEND = YES;
				ENABLE_TESTABILITY = YES;
				GCC_C_LANGUAGE_STANDARD = gnu11;
				GCC_DYNAMIC_NO_PIC = NO;
				GCC_NO_COMMON_BLOCKS = YES;
				GCC_OPTIMIZATION_LEVEL = 0;
				GCC_PREPROCESSOR_DEFINITIONS = (
					"DEBUG=1",
					"$(inherited)",
				);
				GCC_WARN_64_TO_32_BIT_CONVERSION = YES;
				GCC_WARN_ABOUT_RETURN_TYPE = YES_ERROR;
				GCC_WARN_UNDECLARED_SELECTOR = YES;
				GCC_WARN_UNINITIALIZED_AUTOS = YES_AGGRESSIVE;
				GCC_WARN_UNUSED_FUNCTION = YES;
				GCC_WARN_UNUSED_VARIABLE = YES;
				IPHONEOS_DEPLOYMENT_TARGET = 14.5;
				MTL_ENABLE_DEBUG_INFO = INCLUDE_SOURCE;
				MTL_FAST_MATH = YES;
				ONLY_ACTIVE_ARCH = YES;
				SDKROOT = iphoneos;
				SWIFT_ACTIVE_COMPILATION_CONDITIONS = DEBUG;
				SWIFT_OPTIMIZATION_LEVEL = "-Onone";
			};
			name = Debug;
		};
		F648D8FD26CF3F9700DE295D /* Release */ = {
			isa = XCBuildConfiguration;
			buildSettings = {
				ALWAYS_SEARCH_USER_PATHS = NO;
				CLANG_ANALYZER_NONNULL = YES;
				CLANG_ANALYZER_NUMBER_OBJECT_CONVERSION = YES_AGGRESSIVE;
				CLANG_CXX_LANGUAGE_STANDARD = "gnu++14";
				CLANG_CXX_LIBRARY = "libc++";
				CLANG_ENABLE_MODULES = YES;
				CLANG_ENABLE_OBJC_ARC = YES;
				CLANG_ENABLE_OBJC_WEAK = YES;
				CLANG_WARN_BLOCK_CAPTURE_AUTORELEASING = YES;
				CLANG_WARN_BOOL_CONVERSION = YES;
				CLANG_WARN_COMMA = YES;
				CLANG_WARN_CONSTANT_CONVERSION = YES;
				CLANG_WARN_DEPRECATED_OBJC_IMPLEMENTATIONS = YES;
				CLANG_WARN_DIRECT_OBJC_ISA_USAGE = YES_ERROR;
				CLANG_WARN_DOCUMENTATION_COMMENTS = YES;
				CLANG_WARN_EMPTY_BODY = YES;
				CLANG_WARN_ENUM_CONVERSION = YES;
				CLANG_WARN_INFINITE_RECURSION = YES;
				CLANG_WARN_INT_CONVERSION = YES;
				CLANG_WARN_NON_LITERAL_NULL_CONVERSION = YES;
				CLANG_WARN_OBJC_IMPLICIT_RETAIN_SELF = YES;
				CLANG_WARN_OBJC_LITERAL_CONVERSION = YES;
				CLANG_WARN_OBJC_ROOT_CLASS = YES_ERROR;
				CLANG_WARN_QUOTED_INCLUDE_IN_FRAMEWORK_HEADER = YES;
				CLANG_WARN_RANGE_LOOP_ANALYSIS = YES;
				CLANG_WARN_STRICT_PROTOTYPES = YES;
				CLANG_WARN_SUSPICIOUS_MOVE = YES;
				CLANG_WARN_UNGUARDED_AVAILABILITY = YES_AGGRESSIVE;
				CLANG_WARN_UNREACHABLE_CODE = YES;
				CLANG_WARN__DUPLICATE_METHOD_MATCH = YES;
				COPY_PHASE_STRIP = NO;
				DEBUG_INFORMATION_FORMAT = "dwarf-with-dsym";
				ENABLE_NS_ASSERTIONS = NO;
				ENABLE_STRICT_OBJC_MSGSEND = YES;
				GCC_C_LANGUAGE_STANDARD = gnu11;
				GCC_NO_COMMON_BLOCKS = YES;
				GCC_WARN_64_TO_32_BIT_CONVERSION = YES;
				GCC_WARN_ABOUT_RETURN_TYPE = YES_ERROR;
				GCC_WARN_UNDECLARED_SELECTOR = YES;
				GCC_WARN_UNINITIALIZED_AUTOS = YES_AGGRESSIVE;
				GCC_WARN_UNUSED_FUNCTION = YES;
				GCC_WARN_UNUSED_VARIABLE = YES;
				IPHONEOS_DEPLOYMENT_TARGET = 14.5;
				MTL_ENABLE_DEBUG_INFO = NO;
				MTL_FAST_MATH = YES;
				SDKROOT = iphoneos;
				SWIFT_COMPILATION_MODE = wholemodule;
				SWIFT_OPTIMIZATION_LEVEL = "-O";
				VALIDATE_PRODUCT = YES;
			};
			name = Release;
		};
		F648D8FF26CF3F9700DE295D /* Debug */ = {
			isa = XCBuildConfiguration;
			buildSettings = {
				ASSETCATALOG_COMPILER_APPICON_NAME = AppIcon;
				ASSETCATALOG_COMPILER_GLOBAL_ACCENT_COLOR_NAME = AccentColor;
				CODE_SIGN_STYLE = Automatic;
				DEVELOPMENT_TEAM = VMA75PS78F;
				INFOPLIST_FILE = SwiftQuiz/Info.plist;
				LD_RUNPATH_SEARCH_PATHS = (
					"$(inherited)",
					"@executable_path/Frameworks",
				);
				PRODUCT_BUNDLE_IDENTIFIER = com.lucianoferreira.SwiftQuiz;
				PRODUCT_NAME = "$(TARGET_NAME)";
				SWIFT_VERSION = 5.0;
				TARGETED_DEVICE_FAMILY = 1;
			};
			name = Debug;
		};
		F648D90026CF3F9700DE295D /* Release */ = {
			isa = XCBuildConfiguration;
			buildSettings = {
				ASSETCATALOG_COMPILER_APPICON_NAME = AppIcon;
				ASSETCATALOG_COMPILER_GLOBAL_ACCENT_COLOR_NAME = AccentColor;
				CODE_SIGN_STYLE = Automatic;
				DEVELOPMENT_TEAM = VMA75PS78F;
				INFOPLIST_FILE = SwiftQuiz/Info.plist;
				LD_RUNPATH_SEARCH_PATHS = (
					"$(inherited)",
					"@executable_path/Frameworks",
				);
				PRODUCT_BUNDLE_IDENTIFIER = com.lucianoferreira.SwiftQuiz;
				PRODUCT_NAME = "$(TARGET_NAME)";
				SWIFT_VERSION = 5.0;
				TARGETED_DEVICE_FAMILY = 1;
			};
			name = Release;
		};
/* End XCBuildConfiguration section */

/* Begin XCConfigurationList section */
		F648D8E526CF3F9400DE295D /* Build configuration list for PBXProject "SwiftQuiz" */ = {
			isa = XCConfigurationList;
			buildConfigurations = (
				F648D8FC26CF3F9700DE295D /* Debug */,
				F648D8FD26CF3F9700DE295D /* Release */,
			);
			defaultConfigurationIsVisible = 0;
			defaultConfigurationName = Release;
		};
		F648D8FE26CF3F9700DE295D /* Build configuration list for PBXNativeTarget "SwiftQuiz" */ = {
			isa = XCConfigurationList;
			buildConfigurations = (
				F648D8FF26CF3F9700DE295D /* Debug */,
				F648D90026CF3F9700DE295D /* Release */,
			);
			defaultConfigurationIsVisible = 0;
			defaultConfigurationName = Release;
		};
/* End XCConfigurationList section */
	};
	rootObject = F648D8E226CF3F9400DE295D /* Project object */;
}
